# This file was autogenerated by Stack.
# You should not edit this file by hand.
# For more information, please see the documentation at:
#   https://docs.haskellstack.org/en/stable/lock_files

packages: []
snapshots:
- completed:
    size: 619399
    url: https://raw.githubusercontent.com/commercialhaskell/stackage-snapshots/master/lts/22/43.yaml
    sha256: 8b1b4d2a671b3f8a9f8e8b1b4d2a671b3f8a9f8e8b1b4d2a671b3f8a9f8e8b1b
  original: lts-22.43
